lockfileVersion: '6.0'

devDependencies:
  '@swc/core':
    specifier: ^1.3.96
    version: 1.3.96(@swc/helpers@0.5.3)
  '@swc/helpers':
    specifier: ^0.5.3
    version: 0.5.3
  '@types/node':
    specifier: ^20.9.0
    version: 20.9.0
  regenerator-runtime:
    specifier: ^0.14.0
    version: 0.14.0

packages:

  /@swc/core-darwin-arm64@1.3.96:
    resolution: {integrity: sha512-8hzgXYVd85hfPh6mJ9yrG26rhgzCmcLO0h1TIl8U31hwmTbfZLzRitFQ/kqMJNbIBCwmNH1RU2QcJnL3d7f69A==}
    engines: {node: '>=10'}
    cpu: [arm64]
    os: [darwin]
    requiresBuild: true
    dev: true
    optional: true

  /@swc/core-darwin-x64@1.3.96:
    resolution: {integrity: sha512-mFp9GFfuPg+43vlAdQZl0WZpZSE8sEzqL7sr/7Reul5McUHP0BaLsEzwjvD035ESfkY8GBZdLpMinblIbFNljQ==}
    engines: {node: '>=10'}
    cpu: [x64]
    os: [darwin]
    requiresBuild: true
    dev: true
    optional: true

  /@swc/core-linux-arm-gnueabihf@1.3.96:
    resolution: {integrity: sha512-8UEKkYJP4c8YzYIY/LlbSo8z5Obj4hqcv/fUTHiEePiGsOddgGf7AWjh56u7IoN/0uEmEro59nc1ChFXqXSGyg==}
    engines: {node: '>=10'}
    cpu: [arm]
    os: [linux]
    requiresBuild: true
    dev: true
    optional: true

  /@swc/core-linux-arm64-gnu@1.3.96:
    resolution: {integrity: sha512-c/IiJ0s1y3Ymm2BTpyC/xr6gOvoqAVETrivVXHq68xgNms95luSpbYQ28rqaZC8bQC8M5zdXpSc0T8DJu8RJGw==}
    engines: {node: '>=10'}
    cpu: [arm64]
    os: [linux]
    requiresBuild: true
    dev: true
    optional: true

  /@swc/core-linux-arm64-musl@1.3.96:
    resolution: {integrity: sha512-i5/UTUwmJLri7zhtF6SAo/4QDQJDH2fhYJaBIUhrICmIkRO/ltURmpejqxsM/ye9Jqv5zG7VszMC0v/GYn/7BQ==}
    engines: {node: '>=10'}
    cpu: [arm64]
    os: [linux]
    requiresBuild: true
    dev: true
    optional: true

  /@swc/core-linux-x64-gnu@1.3.96:
    resolution: {integrity: sha512-USdaZu8lTIkm4Yf9cogct/j5eqtdZqTgcTib4I+NloUW0E/hySou3eSyp3V2UAA1qyuC72ld1otXuyKBna0YKQ==}
    engines: {node: '>=10'}
    cpu: [x64]
    os: [linux]
    requiresBuild: true
    dev: true
    optional: true

  /@swc/core-linux-x64-musl@1.3.96:
    resolution: {integrity: sha512-QYErutd+G2SNaCinUVobfL7jWWjGTI0QEoQ6hqTp7PxCJS/dmKmj3C5ZkvxRYcq7XcZt7ovrYCTwPTHzt6lZBg==}
    engines: {node: '>=10'}
    cpu: [x64]
    os: [linux]
    requiresBuild: true
    dev: true
    optional: true

  /@swc/core-win32-arm64-msvc@1.3.96:
    resolution: {integrity: sha512-hjGvvAduA3Un2cZ9iNP4xvTXOO4jL3G9iakhFsgVhpkU73SGmK7+LN8ZVBEu4oq2SUcHO6caWvnZ881cxGuSpg==}
    engines: {node: '>=10'}
    cpu: [arm64]
    os: [win32]
    requiresBuild: true
    dev: true
    optional: true

  /@swc/core-win32-ia32-msvc@1.3.96:
    resolution: {integrity: sha512-Far2hVFiwr+7VPCM2GxSmbh3ikTpM3pDombE+d69hkedvYHYZxtTF+2LTKl/sXtpbUnsoq7yV/32c9R/xaaWfw==}
    engines: {node: '>=10'}
    cpu: [ia32]
    os: [win32]
    requiresBuild: true
    dev: true
    optional: true

  /@swc/core-win32-x64-msvc@1.3.96:
    resolution: {integrity: sha512-4VbSAniIu0ikLf5mBX81FsljnfqjoVGleEkCQv4+zRlyZtO3FHoDPkeLVoy6WRlj7tyrRcfUJ4mDdPkbfTO14g==}
    engines: {node: '>=10'}
    cpu: [x64]
    os: [win32]
    requiresBuild: true
    dev: true
    optional: true

  /@swc/core@1.3.96(@swc/helpers@0.5.3):
    resolution: {integrity: sha512-zwE3TLgoZwJfQygdv2SdCK9mRLYluwDOM53I+dT6Z5ZvrgVENmY3txvWDvduzkV+/8IuvrRbVezMpxcojadRdQ==}
    engines: {node: '>=10'}
    requiresBuild: true
    peerDependencies:
      '@swc/helpers': ^0.5.0
    peerDependenciesMeta:
      '@swc/helpers':
        optional: true
    dependencies:
      '@swc/counter': 0.1.2
      '@swc/helpers': 0.5.3
      '@swc/types': 0.1.5
    optionalDependencies:
      '@swc/core-darwin-arm64': 1.3.96
      '@swc/core-darwin-x64': 1.3.96
      '@swc/core-linux-arm-gnueabihf': 1.3.96
      '@swc/core-linux-arm64-gnu': 1.3.96
      '@swc/core-linux-arm64-musl': 1.3.96
      '@swc/core-linux-x64-gnu': 1.3.96
      '@swc/core-linux-x64-musl': 1.3.96
      '@swc/core-win32-arm64-msvc': 1.3.96
      '@swc/core-win32-ia32-msvc': 1.3.96
      '@swc/core-win32-x64-msvc': 1.3.96
    dev: true

  /@swc/counter@0.1.2:
    resolution: {integrity: sha512-9F4ys4C74eSTEUNndnER3VJ15oru2NumfQxS8geE+f3eB5xvfxpWyqE5XlVnxb/R14uoXi6SLbBwwiDSkv+XEw==}
    dev: true

  /@swc/helpers@0.5.3:
    resolution: {integrity: sha512-FaruWX6KdudYloq1AHD/4nU+UsMTdNE8CKyrseXWEcgjDAbvkwJg2QGPAnfIJLIWsjZOSPLOAykK6fuYp4vp4A==}
    dependencies:
      tslib: 2.6.2
    dev: true

  /@swc/types@0.1.5:
    resolution: {integrity: sha512-myfUej5naTBWnqOCc/MdVOLVjXUXtIA+NpDrDBKJtLLg2shUjBu3cZmB/85RyitKc55+lUUyl7oRfLOvkr2hsw==}
    dev: true

  /@types/node@20.9.0:
    resolution: {integrity: sha512-nekiGu2NDb1BcVofVcEKMIwzlx4NjHlcjhoxxKBNLtz15Y1z7MYf549DFvkHSId02Ax6kGwWntIBPC3l/JZcmw==}
    dependencies:
      undici-types: 5.26.5
    dev: true

  /regenerator-runtime@0.14.0:
    resolution: {integrity: sha512-srw17NI0TUWHuGa5CFGGmhfNIeja30WMBfbslPNhf6JrqQlLN5gcrvig1oqPxiVaXb0oW0XRKtH6Nngs5lKCIA==}
    dev: true

  /tslib@2.6.2:
    resolution: {integrity: sha512-AEYxH93jGFPn/a2iVAwW87VuUIkR1FVUKB77NwMF7nBTDkDrrT/Hpt/IrCJ0QXhW27jTBDcf5ZY7w6RiqTMw2Q==}
    dev: true

  /undici-types@5.26.5:
    resolution: {integrity: sha512-JlCMO+ehdEIKqlFxk6IfVoAUVmgz7cU7zD/h9XZ0qzeosSHmUJVOzSQvvYSYWXkFXC+IfLKSIffhv0sVZup6pA==}
    dev: true
